
Microsoft Visual Studio Solution File, Format Version 12.00
# Visual Studio Version 17
VisualStudioVersion = 17.14.36401.2
MinimumVisualStudioVersion = 10.0.40219.1
Project("{2150E333-8FDC-42A3-9474-1A3956D46DE8}") = "Src", "Src", "{02EA681E-C7D8-13C7-8484-4AC65E1B71E8}"
EndProject
Project("{2150E333-8FDC-42A3-9474-1A3956D46DE8}") = "Test", "Test", "{B45E3932-A744-40F5-87EC-DB48076B54D8}"
EndProject
Project("{2150E333-8FDC-42A3-9474-1A3956D46DE8}") = "Docs", "Docs", "{810F115E-EFFA-4461-953B-87096AC2AF10}"
EndProject
Project("{2150E333-8FDC-42A3-9474-1A3956D46DE8}") = "Core", "Core", "{424F084E-BC66-41EF-8B82-8DBBFDC6DA17}"
EndProject
Project("{2150E333-8FDC-42A3-9474-1A3956D46DE8}") = "Common", "Common", "{3050C24C-205D-46F0-BF1D-2BA03FFAF65B}"
EndProject
Project("{2150E333-8FDC-42A3-9474-1A3956D46DE8}") = "Presentation", "Presentation", "{2890865A-8897-45A0-9DAB-E56E6374E43D}"
EndProject
Project("{2150E333-8FDC-42A3-9474-1A3956D46DE8}") = "Infrastructure", "Infrastructure", "{2BA2B9BC-6A50-41F4-92E2-DE45EAEA4BE6}"
EndProject
Project("{FAE04EC0-301F-11D3-BF4B-00C04F79EFBC}") = "PhoneBook.Domain", "PhoneBook.Domain\PhoneBook.Domain.csproj", "{D91256A3-ADA6-416C-99C4-9E752DF335D0}"
EndProject
Project("{FAE04EC0-301F-11D3-BF4B-00C04F79EFBC}") = "PhoneBook.Application", "PhoneBook.Application\PhoneBook.Application.csproj", "{B323BACB-A065-47FE-B3B4-3996093421F0}"
EndProject
Project("{FAE04EC0-301F-11D3-BF4B-00C04F79EFBC}") = "PhoneBook.Infrastructure", "PhoneBook.Infrastructure\PhoneBook.Infrastructure.csproj", "{F017030A-EA16-4112-99FC-127B4CA5A0FB}"
EndProject
Project("{FAE04EC0-301F-11D3-BF4B-00C04F79EFBC}") = "PhoneBook.Persistence", "PhoneBook.Persistance\PhoneBook.Persistence.csproj", "{4EFB7ED5-A7D9-4AAD-ABAB-B0D804BC9330}"
EndProject
Project("{FAE04EC0-301F-11D3-BF4B-00C04F79EFBC}") = "EndPoint.PhoneBook", "EndPoint.PhoneBook\EndPoint.PhoneBook.csproj", "{57C3CE98-B85D-431B-9759-C02F25DE5351}"
EndProject
Global
	GlobalSection(SolutionConfigurationPlatforms) = preSolution
		Debug|Any CPU = Debug|Any CPU
		Release|Any CPU = Release|Any CPU
	EndGlobalSection
	GlobalSection(ProjectConfigurationPlatforms) = postSolution
		{D91256A3-ADA6-416C-99C4-9E752DF335D0}.Debug|Any CPU.ActiveCfg = Debug|Any CPU
		{D91256A3-ADA6-416C-99C4-9E752DF335D0}.Debug|Any CPU.Build.0 = Debug|Any CPU
		{D91256A3-ADA6-416C-99C4-9E752DF335D0}.Release|Any CPU.ActiveCfg = Release|Any CPU
		{D91256A3-ADA6-416C-99C4-9E752DF335D0}.Release|Any CPU.Build.0 = Release|Any CPU
		{B323BACB-A065-47FE-B3B4-3996093421F0}.Debug|Any CPU.ActiveCfg = Debug|Any CPU
		{B323BACB-A065-47FE-B3B4-3996093421F0}.Debug|Any CPU.Build.0 = Debug|Any CPU
		{B323BACB-A065-47FE-B3B4-3996093421F0}.Release|Any CPU.ActiveCfg = Release|Any CPU
		{B323BACB-A065-47FE-B3B4-3996093421F0}.Release|Any CPU.Build.0 = Release|Any CPU
		{F017030A-EA16-4112-99FC-127B4CA5A0FB}.Debug|Any CPU.ActiveCfg = Debug|Any CPU
		{F017030A-EA16-4112-99FC-127B4CA5A0FB}.Debug|Any CPU.Build.0 = Debug|Any CPU
		{F017030A-EA16-4112-99FC-127B4CA5A0FB}.Release|Any CPU.ActiveCfg = Release|Any CPU
		{F017030A-EA16-4112-99FC-127B4CA5A0FB}.Release|Any CPU.Build.0 = Release|Any CPU
		{4EFB7ED5-A7D9-4AAD-ABAB-B0D804BC9330}.Debug|Any CPU.ActiveCfg = Debug|Any CPU
		{4EFB7ED5-A7D9-4AAD-ABAB-B0D804BC9330}.Debug|Any CPU.Build.0 = Debug|Any CPU
		{4EFB7ED5-A7D9-4AAD-ABAB-B0D804BC9330}.Release|Any CPU.ActiveCfg = Release|Any CPU
		{4EFB7ED5-A7D9-4AAD-ABAB-B0D804BC9330}.Release|Any CPU.Build.0 = Release|Any CPU
		{57C3CE98-B85D-431B-9759-C02F25DE5351}.Debug|Any CPU.ActiveCfg = Debug|Any CPU
		{57C3CE98-B85D-431B-9759-C02F25DE5351}.Debug|Any CPU.Build.0 = Debug|Any CPU
		{57C3CE98-B85D-431B-9759-C02F25DE5351}.Release|Any CPU.ActiveCfg = Release|Any CPU
		{57C3CE98-B85D-431B-9759-C02F25DE5351}.Release|Any CPU.Build.0 = Release|Any CPU
	EndGlobalSection
	GlobalSection(SolutionProperties) = preSolution
		HideSolutionNode = FALSE
	EndGlobalSection
	GlobalSection(NestedProjects) = preSolution
		{424F084E-BC66-41EF-8B82-8DBBFDC6DA17} = {02EA681E-C7D8-13C7-8484-4AC65E1B71E8}
		{3050C24C-205D-46F0-BF1D-2BA03FFAF65B} = {02EA681E-C7D8-13C7-8484-4AC65E1B71E8}
		{2890865A-8897-45A0-9DAB-E56E6374E43D} = {02EA681E-C7D8-13C7-8484-4AC65E1B71E8}
		{2BA2B9BC-6A50-41F4-92E2-DE45EAEA4BE6} = {02EA681E-C7D8-13C7-8484-4AC65E1B71E8}
		{D91256A3-ADA6-416C-99C4-9E752DF335D0} = {424F084E-BC66-41EF-8B82-8DBBFDC6DA17}
		{B323BACB-A065-47FE-B3B4-3996093421F0} = {424F084E-BC66-41EF-8B82-8DBBFDC6DA17}
		{F017030A-EA16-4112-99FC-127B4CA5A0FB} = {2BA2B9BC-6A50-41F4-92E2-DE45EAEA4BE6}
		{4EFB7ED5-A7D9-4AAD-ABAB-B0D804BC9330} = {2BA2B9BC-6A50-41F4-92E2-DE45EAEA4BE6}
		{57C3CE98-B85D-431B-9759-C02F25DE5351} = {2890865A-8897-45A0-9DAB-E56E6374E43D}
	EndGlobalSection
	GlobalSection(ExtensibilityGlobals) = postSolution
		SolutionGuid = {3EA4C170-3EB9-4540-B95D-8781E3F599FE}
	EndGlobalSection
EndGlobal
